
Microsoft Visual Studio Solution File, Format Version 12.00
# Visual Studio Version 16
VisualStudioVersion = 16.0.31205.134
MinimumVisualStudioVersion = 10.0.40219.1
Project("{FAE04EC0-301F-11D3-BF4B-00C04F79EFBC}") = "JWT_POC", "src\JWT_POC\JWT_POC.csproj", "{B40145C5-71FA-4B4D-A311-C98C1906541B}"
EndProject
Project("{FAE04EC0-301F-11D3-BF4B-00C04F79EFBC}") = "Test", "src\Test\Test.csproj", "{15CCE7D2-AB34-467B-A883-0FF4A77BD4B9}"
EndProject
Global
	GlobalSection(SolutionConfigurationPlatforms) = preSolution
		Debug|Any CPU = Debug|Any CPU
		Release|Any CPU = Release|Any CPU
	EndGlobalSection
	GlobalSection(ProjectConfigurationPlatforms) = postSolution
		{B40145C5-71FA-4B4D-A311-C98C1906541B}.Debug|Any CPU.ActiveCfg = Debug|Any CPU
		{B40145C5-71FA-4B4D-A311-C98C1906541B}.Debug|Any CPU.Build.0 = Debug|Any CPU
		{B40145C5-71FA-4B4D-A311-C98C1906541B}.Release|Any CPU.ActiveCfg = Release|Any CPU
		{B40145C5-71FA-4B4D-A311-C98C1906541B}.Release|Any CPU.Build.0 = Release|Any CPU
		{15CCE7D2-AB34-467B-A883-0FF4A77BD4B9}.Debug|Any CPU.ActiveCfg = Debug|Any CPU
		{15CCE7D2-AB34-467B-A883-0FF4A77BD4B9}.Debug|Any CPU.Build.0 = Debug|Any CPU
		{15CCE7D2-AB34-467B-A883-0FF4A77BD4B9}.Release|Any CPU.ActiveCfg = Release|Any CPU
		{15CCE7D2-AB34-467B-A883-0FF4A77BD4B9}.Release|Any CPU.Build.0 = Release|Any CPU
	EndGlobalSection
	GlobalSection(SolutionProperties) = preSolution
		HideSolutionNode = FALSE
	EndGlobalSection
	GlobalSection(ExtensibilityGlobals) = postSolution
		SolutionGuid = {D0445777-4A4F-48DF-AA8C-5C482718B633}
	EndGlobalSection
EndGlobal
